
Microsoft Visual Studio Solution File, Format Version 12.00
# Visual Studio 15
VisualStudioVersion = 15.0.26403.7
MinimumVisualStudioVersion = 10.0.40219.1
Project("{2150E333-8FDC-42A3-9474-1A3956D46DE8}") = "SOLID", "SOLID", "{D7882769-7B7F-4F1F-933F-B9D121C0617C}"
EndProject
Project("{FAE04EC0-301F-11D3-BF4B-00C04F79EFBC}") = "SingleResponsibilityPrinciple", "SingleResponsibilityPrinciple\SingleResponsibilityPrinciple.csproj", "{915E9209-C8F4-45B7-877F-915AD90BDDB2}"
EndProject
Project("{FAE04EC0-301F-11D3-BF4B-00C04F79EFBC}") = "OpenClosedPrinciple", "OpenClosedPrinciple\OpenClosedPrinciple.csproj", "{83C5857A-4D0C-4084-8C9B-7D289217890D}"
EndProject
Project("{FAE04EC0-301F-11D3-BF4B-00C04F79EFBC}") = "LiskovSubstitutionPrinciple", "LiskovSubstitutionPrinciple\LiskovSubstitutionPrinciple.csproj", "{6D8FDC06-20FF-4AFD-A7EC-6D2F32D55679}"
EndProject
Project("{FAE04EC0-301F-11D3-BF4B-00C04F79EFBC}") = "InterfaceSegregationPrinciple", "InterfaceSegregationPrinciple\InterfaceSegregationPrinciple.csproj", "{F132DB76-4ABE-4680-AA1F-0AE17FCF45D6}"
EndProject
Project("{FAE04EC0-301F-11D3-BF4B-00C04F79EFBC}") = "DependencyInversionPrinciple", "DependencyInversionPrinciple\DependencyInversionPrinciple.csproj", "{ABF24E0F-6EA7-4D54-A30C-834B776042C0}"
EndProject
Global
	GlobalSection(SolutionConfigurationPlatforms) = preSolution
		Debug|Any CPU = Debug|Any CPU
		Release|Any CPU = Release|Any CPU
	EndGlobalSection
	GlobalSection(ProjectConfigurationPlatforms) = postSolution
		{915E9209-C8F4-45B7-877F-915AD90BDDB2}.Debug|Any CPU.ActiveCfg = Debug|Any CPU
		{915E9209-C8F4-45B7-877F-915AD90BDDB2}.Debug|Any CPU.Build.0 = Debug|Any CPU
		{915E9209-C8F4-45B7-877F-915AD90BDDB2}.Release|Any CPU.ActiveCfg = Release|Any CPU
		{915E9209-C8F4-45B7-877F-915AD90BDDB2}.Release|Any CPU.Build.0 = Release|Any CPU
		{83C5857A-4D0C-4084-8C9B-7D289217890D}.Debug|Any CPU.ActiveCfg = Debug|Any CPU
		{83C5857A-4D0C-4084-8C9B-7D289217890D}.Debug|Any CPU.Build.0 = Debug|Any CPU
		{83C5857A-4D0C-4084-8C9B-7D289217890D}.Release|Any CPU.ActiveCfg = Release|Any CPU
		{83C5857A-4D0C-4084-8C9B-7D289217890D}.Release|Any CPU.Build.0 = Release|Any CPU
		{6D8FDC06-20FF-4AFD-A7EC-6D2F32D55679}.Debug|Any CPU.ActiveCfg = Debug|Any CPU
		{6D8FDC06-20FF-4AFD-A7EC-6D2F32D55679}.Debug|Any CPU.Build.0 = Debug|Any CPU
		{6D8FDC06-20FF-4AFD-A7EC-6D2F32D55679}.Release|Any CPU.ActiveCfg = Release|Any CPU
		{6D8FDC06-20FF-4AFD-A7EC-6D2F32D55679}.Release|Any CPU.Build.0 = Release|Any CPU
		{F132DB76-4ABE-4680-AA1F-0AE17FCF45D6}.Debug|Any CPU.ActiveCfg = Debug|Any CPU
		{F132DB76-4ABE-4680-AA1F-0AE17FCF45D6}.Debug|Any CPU.Build.0 = Debug|Any CPU
		{F132DB76-4ABE-4680-AA1F-0AE17FCF45D6}.Release|Any CPU.ActiveCfg = Release|Any CPU
		{F132DB76-4ABE-4680-AA1F-0AE17FCF45D6}.Release|Any CPU.Build.0 = Release|Any CPU
		{ABF24E0F-6EA7-4D54-A30C-834B776042C0}.Debug|Any CPU.ActiveCfg = Debug|Any CPU
		{ABF24E0F-6EA7-4D54-A30C-834B776042C0}.Debug|Any CPU.Build.0 = Debug|Any CPU
		{ABF24E0F-6EA7-4D54-A30C-834B776042C0}.Release|Any CPU.ActiveCfg = Release|Any CPU
		{ABF24E0F-6EA7-4D54-A30C-834B776042C0}.Release|Any CPU.Build.0 = Release|Any CPU
	EndGlobalSection
	GlobalSection(SolutionProperties) = preSolution
		HideSolutionNode = FALSE
	EndGlobalSection
	GlobalSection(NestedProjects) = preSolution
		{915E9209-C8F4-45B7-877F-915AD90BDDB2} = {D7882769-7B7F-4F1F-933F-B9D121C0617C}
		{83C5857A-4D0C-4084-8C9B-7D289217890D} = {D7882769-7B7F-4F1F-933F-B9D121C0617C}
		{6D8FDC06-20FF-4AFD-A7EC-6D2F32D55679} = {D7882769-7B7F-4F1F-933F-B9D121C0617C}
		{F132DB76-4ABE-4680-AA1F-0AE17FCF45D6} = {D7882769-7B7F-4F1F-933F-B9D121C0617C}
		{ABF24E0F-6EA7-4D54-A30C-834B776042C0} = {D7882769-7B7F-4F1F-933F-B9D121C0617C}
	EndGlobalSection
EndGlobal
